<?xml version="1.0" encoding="utf-8"?>
<Project ToolsVersion="4.0" xmlns="http://schemas.microsoft.com/developer/msbuild/2003">
  <ItemGroup>
    <Filter Include="Resource Files">
      <UniqueIdentifier>{67DA6AB6-F800-4c08-8B7A-83BB121AAD01}</UniqueIdentifier>
      <Extensions>rc;ico;cur;bmp;dlg;rc2;rct;bin;rgs;gif;jpg;jpeg;jpe;resx;tiff;tif;png;wav;mfcribbon-ms</Extensions>
    </Filter>
    <Filter Include="AI">
      <UniqueIdentifier>{f9de8389-9ea6-4535-81c6-455f2e952818}</UniqueIdentifier>
    </Filter>
    <Filter Include="Camera">
      <UniqueIdentifier>{4a924fa4-67bd-4d13-822f-2f9237125ffb}</UniqueIdentifier>
    </Filter>
    <Filter Include="Components">
      <UniqueIdentifier>{6204e7af-0833-4230-b5a3-63d528d14c95}</UniqueIdentifier>
    </Filter>
    <Filter Include="Controller">
      <UniqueIdentifier>{5f5a7c33-d305-4f9e-9ea1-c74e6411ec98}</UniqueIdentifier>
    </Filter>
    <Filter Include="Controller\Controllers">
      <UniqueIdentifier>{960d7493-1e93-4def-b9a7-03c8c64749a1}</UniqueIdentifier>
    </Filter>
    <Filter Include="Entities">
      <UniqueIdentifier>{d01be4f0-a9b6-4a18-b977-4fa67dcadb58}</UniqueIdentifier>
    </Filter>
    <Filter Include="Entities\Camera">
      <UniqueIdentifier>{89729341-1b61-4e7a-8ab9-99977add2336}</UniqueIdentifier>
    </Filter>
    <Filter Include="Entities\Spawn">
      <UniqueIdentifier>{54e0e3c8-df18-4cd0-9946-e2a325988b33}</UniqueIdentifier>
    </Filter>
    <Filter Include="FSM">
      <UniqueIdentifier>{44fe7365-619d-4f56-8453-b37a7af8d381}</UniqueIdentifier>
    </Filter>
    <Filter Include="Game">
      <UniqueIdentifier>{c49f6a9f-93da-45b2-a444-770850c5359c}</UniqueIdentifier>
    </Filter>
    <Filter Include="Game\Gamestates">
      <UniqueIdentifier>{d4f66482-d122-4209-a335-0e52f5117039}</UniqueIdentifier>
    </Filter>
    <Filter Include="MaterialGenerator">
      <UniqueIdentifier>{3d51ddcb-cb35-4f44-b41b-57c6a0160af5}</UniqueIdentifier>
    </Filter>
    <Filter Include="MaterialGenerator\Materials">
      <UniqueIdentifier>{73c36a76-c827-4590-b886-c4bfb141d929}</UniqueIdentifier>
    </Filter>
    <Filter Include="Math">
      <UniqueIdentifier>{4e8c2f71-c9c6-4011-b344-11282e619e15}</UniqueIdentifier>
    </Filter>
    <Filter Include="OpenGL">
      <UniqueIdentifier>{8291530a-3877-4fda-87a2-6edeae3021ab}</UniqueIdentifier>
    </Filter>
    <Filter Include="Physics">
      <UniqueIdentifier>{1b434415-9165-4359-97af-3293dbb8ee69}</UniqueIdentifier>
    </Filter>
    <Filter Include="Physics\Box2D">
      <UniqueIdentifier>{16f68bf4-2bfc-42b7-9b00-200cd75363d3}</UniqueIdentifier>
    </Filter>
    <Filter Include="Player">
      <UniqueIdentifier>{d904ab90-bc74-4844-8a96-aed97f174f7a}</UniqueIdentifier>
    </Filter>
    <Filter Include="ShapeGenerator">
      <UniqueIdentifier>{ee057c0c-491c-4de2-9128-fdb8784f1868}</UniqueIdentifier>
    </Filter>
    <Filter Include="ShapeGenerator\Shapes">
      <UniqueIdentifier>{d638efcd-450b-4d1a-9f14-806af5c505ee}</UniqueIdentifier>
    </Filter>
    <Filter Include="Spawn">
      <UniqueIdentifier>{972ad7b5-3b22-457e-b35d-3869dd4bb544}</UniqueIdentifier>
    </Filter>
    <Filter Include="Spawn\Spawns">
      <UniqueIdentifier>{b4376079-2391-4a2e-8164-27445bc05933}</UniqueIdentifier>
    </Filter>
    <Filter Include="Systems">
      <UniqueIdentifier>{5462c44d-3302-467c-8d65-cfae595756c6}</UniqueIdentifier>
    </Filter>
    <Filter Include="util">
      <UniqueIdentifier>{f8e39cc4-363e-47b1-9895-4bf06d74ba16}</UniqueIdentifier>
    </Filter>
    <Filter Include="ECS">
      <UniqueIdentifier>{9be1c2bd-7ccb-46a0-99c5-1a79cc09940e}</UniqueIdentifier>
    </Filter>
    <Filter Include="ECS\Event">
      <UniqueIdentifier>{b23af818-6b68-430c-a693-a6e84e443871}</UniqueIdentifier>
    </Filter>
    <Filter Include="ECS\Log">
      <UniqueIdentifier>{f8563717-73d7-4a72-990e-56a186290b1e}</UniqueIdentifier>
    </Filter>
    <Filter Include="ECS\Memory">
      <UniqueIdentifier>{e38d186a-1993-42f5-a0b3-e1d1ec6d7873}</UniqueIdentifier>
    </Filter>
    <Filter Include="ECS\util">
      <UniqueIdentifier>{9c067ec0-79bf-4b3a-bcc2-39f04eb26199}</UniqueIdentifier>
    </Filter>
    <Filter Include="ECS\Memory\Allocator">
      <UniqueIdentifier>{d4891f7f-4bee-46a8-be4c-0b87300880ba}</UniqueIdentifier>
    </Filter>
  </ItemGroup>
  <ItemGroup>
    <Text Include="ReadMe.txt" />
  </ItemGroup>
  <ItemGroup>
    <ClCompile Include="Stash.h">
      <Filter>Entities</Filter>
    </ClCompile>
    <ClCompile Include="Camera.cpp">
      <Filter>Camera</Filter>
    </ClCompile>
    <ClCompile Include="OrthoCamera.cpp">
      <Filter>Camera</Filter>
    </ClCompile>
    <ClCompile Include="BountyRadar.cpp">
      <Filter>Components</Filter>
    </ClCompile>
    <ClCompile Include="CollectorAvoider.cpp">
      <Filter>Components</Filter>
    </ClCompile>
    <ClCompile Include="CollisionComponent2D.cpp">
      <Filter>Components</Filter>
    </ClCompile>
    <ClCompile Include="LifetimeComponent.cpp">
      <Filter>Components</Filter>
    </ClCompile>
    <ClCompile Include="MaterialComponent.cpp">
      <Filter>Components</Filter>
    </ClCompile>
    <ClCompile Include="RigidbodyComponent.cpp">
      <Filter>Components</Filter>
    </ClCompile>
    <ClCompile Include="ShapeComponent.cpp">
      <Filter>Components</Filter>
    </ClCompile>
    <ClCompile Include="SpawnComponent.cpp">
      <Filter>Components</Filter>
    </ClCompile>
    <ClCompile Include="TransformComponent.cpp">
      <Filter>Components</Filter>
    </ClCompile>
    <ClCompile Include="AICollectorController.cpp">
      <Filter>Controller\Controllers</Filter>
    </ClCompile>
    <ClCompile Include="PlayerCollectorController.cpp">
      <Filter>Controller\Controllers</Filter>
    </ClCompile>
    <ClCompile Include="Controller.cpp">
      <Filter>Controller</Filter>
    </ClCompile>
    <ClCompile Include="TabletopCamera.cpp">
      <Filter>Entities\Camera</Filter>
    </ClCompile>
    <ClCompile Include="BountySpawn.cpp">
      <Filter>Entities\Spawn</Filter>
    </ClCompile>
    <ClCompile Include="PlayerSpawn.cpp">
      <Filter>Entities\Spawn</Filter>
    </ClCompile>
    <ClCompile Include="Bounty.cpp">
      <Filter>Entities</Filter>
    </ClCompile>
    <ClCompile Include="Collector.cpp">
      <Filter>Entities</Filter>
    </ClCompile>
    <ClCompile Include="PlayerStash.cpp">
      <Filter>Entities</Filter>
    </ClCompile>
    <ClCompile Include="Wall.cpp">
      <Filter>Entities</Filter>
    </ClCompile>
    <ClCompile Include="GS_GAMEOVER.cpp">
      <Filter>Game\Gamestates</Filter>
    </ClCompile>
    <ClCompile Include="GS_TERMINATED.cpp">
      <Filter>Game\Gamestates</Filter>
    </ClCompile>
    <ClCompile Include="GS_INITIALIZED.cpp">
      <Filter>Game\Gamestates</Filter>
    </ClCompile>
    <ClCompile Include="GS_PAUSED.cpp">
      <Filter>Game\Gamestates</Filter>
    </ClCompile>
    <ClCompile Include="GS_RESTARTED.cpp">
      <Filter>Game\Gamestates</Filter>
    </ClCompile>
    <ClCompile Include="GS_RUNNING.cpp">
      <Filter>Game\Gamestates</Filter>
    </ClCompile>
    <ClCompile Include="GS_STARTED.cpp">
      <Filter>Game\Gamestates</Filter>
    </ClCompile>
    <ClCompile Include="Game.cpp">
      <Filter>Game</Filter>
    </ClCompile>
    <ClCompile Include="GameEventHandler.cpp">
      <Filter>Game</Filter>
    </ClCompile>
    <ClCompile Include="IMaterial.cpp">
      <Filter>MaterialGenerator</Filter>
    </ClCompile>
    <ClCompile Include="Material.cpp">
      <Filter>MaterialGenerator</Filter>
    </ClCompile>
    <ClCompile Include="MaterialGenerator.cpp">
      <Filter>MaterialGenerator</Filter>
    </ClCompile>
    <ClCompile Include="DefaultMaterial.cpp">
      <Filter>MaterialGenerator\Materials</Filter>
    </ClCompile>
    <ClCompile Include="LineMaterial.cpp">
      <Filter>MaterialGenerator\Materials</Filter>
    </ClCompile>
    <ClCompile Include="Transform.cpp">
      <Filter>Math</Filter>
    </ClCompile>
    <ClCompile Include="GLLineRenderer.cpp">
      <Filter>OpenGL</Filter>
    </ClCompile>
    <ClCompile Include="GLShader.cpp">
      <Filter>OpenGL</Filter>
    </ClCompile>
    <ClCompile Include="OpenGL.cpp">
      <Filter>OpenGL</Filter>
    </ClCompile>
    <ClCompile Include="..\ThirdParty\Box2D\Box2D\Common\b2BlockAllocator.cpp">
      <Filter>Physics\Box2D</Filter>
    </ClCompile>
    <ClCompile Include="..\ThirdParty\Box2D\Box2D\Dynamics\b2Body.cpp">
      <Filter>Physics\Box2D</Filter>
    </ClCompile>
    <ClCompile Include="..\ThirdParty\Box2D\Box2D\Collision\b2BroadPhase.cpp">
      <Filter>Physics\Box2D</Filter>
    </ClCompile>
    <ClCompile Include="..\ThirdParty\Box2D\Box2D\Dynamics\Contacts\b2ChainAndCircleContact.cpp">
      <Filter>Physics\Box2D</Filter>
    </ClCompile>
    <ClCompile Include="..\ThirdParty\Box2D\Box2D\Dynamics\Contacts\b2ChainAndPolygonContact.cpp">
      <Filter>Physics\Box2D</Filter>
    </ClCompile>
    <ClCompile Include="..\ThirdParty\Box2D\Box2D\Collision\Shapes\b2ChainShape.cpp">
      <Filter>Physics\Box2D</Filter>
    </ClCompile>
    <ClCompile Include="..\ThirdParty\Box2D\Box2D\Dynamics\Contacts\b2CircleContact.cpp">
      <Filter>Physics\Box2D</Filter>
    </ClCompile>
    <ClCompile Include="..\ThirdParty\Box2D\Box2D\Collision\Shapes\b2CircleShape.cpp">
      <Filter>Physics\Box2D</Filter>
    </ClCompile>
    <ClCompile Include="..\ThirdParty\Box2D\Box2D\Collision\b2CollideCircle.cpp">
      <Filter>Physics\Box2D</Filter>
    </ClCompile>
    <ClCompile Include="..\ThirdParty\Box2D\Box2D\Collision\b2CollideEdge.cpp">
      <Filter>Physics\Box2D</Filter>
    </ClCompile>
    <ClCompile Include="..\ThirdParty\Box2D\Box2D\Collision\b2CollidePolygon.cpp">
      <Filter>Physics\Box2D</Filter>
    </ClCompile>
    <ClCompile Include="..\ThirdParty\Box2D\Box2D\Collision\b2Collision.cpp">
      <Filter>Physics\Box2D</Filter>
    </ClCompile>
    <ClCompile Include="..\ThirdParty\Box2D\Box2D\Dynamics\Contacts\b2Contact.cpp">
      <Filter>Physics\Box2D</Filter>
    </ClCompile>
    <ClCompile Include="..\ThirdParty\Box2D\Box2D\Dynamics\b2ContactManager.cpp">
      <Filter>Physics\Box2D</Filter>
    </ClCompile>
    <ClCompile Include="..\ThirdParty\Box2D\Box2D\Dynamics\Contacts\b2ContactSolver.cpp">
      <Filter>Physics\Box2D</Filter>
    </ClCompile>
    <ClCompile Include="..\ThirdParty\Box2D\Box2D\Collision\b2Distance.cpp">
      <Filter>Physics\Box2D</Filter>
    </ClCompile>
    <ClCompile Include="..\ThirdParty\Box2D\Box2D\Dynamics\Joints\b2DistanceJoint.cpp">
      <Filter>Physics\Box2D</Filter>
    </ClCompile>
    <ClCompile Include="..\ThirdParty\Box2D\Box2D\Common\b2Draw.cpp">
      <Filter>Physics\Box2D</Filter>
    </ClCompile>
    <ClCompile Include="..\ThirdParty\Box2D\Box2D\Collision\b2DynamicTree.cpp">
      <Filter>Physics\Box2D</Filter>
    </ClCompile>
    <ClCompile Include="..\ThirdParty\Box2D\Box2D\Dynamics\Contacts\b2EdgeAndCircleContact.cpp">
      <Filter>Physics\Box2D</Filter>
    </ClCompile>
    <ClCompile Include="..\ThirdParty\Box2D\Box2D\Dynamics\Contacts\b2EdgeAndPolygonContact.cpp">
      <Filter>Physics\Box2D</Filter>
    </ClCompile>
    <ClCompile Include="..\ThirdParty\Box2D\Box2D\Collision\Shapes\b2EdgeShape.cpp">
      <Filter>Physics\Box2D</Filter>
    </ClCompile>
    <ClCompile Include="..\ThirdParty\Box2D\Box2D\Dynamics\b2Fixture.cpp">
      <Filter>Physics\Box2D</Filter>
    </ClCompile>
    <ClCompile Include="..\ThirdParty\Box2D\Box2D\Dynamics\Joints\b2FrictionJoint.cpp">
      <Filter>Physics\Box2D</Filter>
    </ClCompile>
    <ClCompile Include="..\ThirdParty\Box2D\Box2D\Dynamics\Joints\b2GearJoint.cpp">
      <Filter>Physics\Box2D</Filter>
    </ClCompile>
    <ClCompile Include="..\ThirdParty\Box2D\Box2D\Dynamics\b2Island.cpp">
      <Filter>Physics\Box2D</Filter>
    </ClCompile>
    <ClCompile Include="..\ThirdParty\Box2D\Box2D\Dynamics\Joints\b2Joint.cpp">
      <Filter>Physics\Box2D</Filter>
    </ClCompile>
    <ClCompile Include="..\ThirdParty\Box2D\Box2D\Common\b2Math.cpp">
      <Filter>Physics\Box2D</Filter>
    </ClCompile>
    <ClCompile Include="..\ThirdParty\Box2D\Box2D\Dynamics\Joints\b2MotorJoint.cpp">
      <Filter>Physics\Box2D</Filter>
    </ClCompile>
    <ClCompile Include="..\ThirdParty\Box2D\Box2D\Dynamics\Joints\b2MouseJoint.cpp">
      <Filter>Physics\Box2D</Filter>
    </ClCompile>
    <ClCompile Include="..\ThirdParty\Box2D\Box2D\Dynamics\Contacts\b2PolygonAndCircleContact.cpp">
      <Filter>Physics\Box2D</Filter>
    </ClCompile>
    <ClCompile Include="..\ThirdParty\Box2D\Box2D\Dynamics\Contacts\b2PolygonContact.cpp">
      <Filter>Physics\Box2D</Filter>
    </ClCompile>
    <ClCompile Include="..\ThirdParty\Box2D\Box2D\Collision\Shapes\b2PolygonShape.cpp">
      <Filter>Physics\Box2D</Filter>
    </ClCompile>
    <ClCompile Include="..\ThirdParty\Box2D\Box2D\Dynamics\Joints\b2PrismaticJoint.cpp">
      <Filter>Physics\Box2D</Filter>
    </ClCompile>
    <ClCompile Include="..\ThirdParty\Box2D\Box2D\Dynamics\Joints\b2PulleyJoint.cpp">
      <Filter>Physics\Box2D</Filter>
    </ClCompile>
    <ClCompile Include="..\ThirdParty\Box2D\Box2D\Dynamics\Joints\b2RevoluteJoint.cpp">
      <Filter>Physics\Box2D</Filter>
    </ClCompile>
    <ClCompile Include="..\ThirdParty\Box2D\Box2D\Rope\b2Rope.cpp">
      <Filter>Physics\Box2D</Filter>
    </ClCompile>
    <ClCompile Include="..\ThirdParty\Box2D\Box2D\Dynamics\Joints\b2RopeJoint.cpp">
      <Filter>Physics\Box2D</Filter>
    </ClCompile>
    <ClCompile Include="..\ThirdParty\Box2D\Box2D\Common\b2Settings.cpp">
      <Filter>Physics\Box2D</Filter>
    </ClCompile>
    <ClCompile Include="..\ThirdParty\Box2D\Box2D\Common\b2StackAllocator.cpp">
      <Filter>Physics\Box2D</Filter>
    </ClCompile>
    <ClCompile Include="..\ThirdParty\Box2D\Box2D\Collision\b2TimeOfImpact.cpp">
      <Filter>Physics\Box2D</Filter>
    </ClCompile>
    <ClCompile Include="..\ThirdParty\Box2D\Box2D\Common\b2Timer.cpp">
      <Filter>Physics\Box2D</Filter>
    </ClCompile>
    <ClCompile Include="..\ThirdParty\Box2D\Box2D\Dynamics\Joints\b2WeldJoint.cpp">
      <Filter>Physics\Box2D</Filter>
    </ClCompile>
    <ClCompile Include="..\ThirdParty\Box2D\Box2D\Dynamics\Joints\b2WheelJoint.cpp">
      <Filter>Physics\Box2D</Filter>
    </ClCompile>
    <ClCompile Include="..\ThirdParty\Box2D\Box2D\Dynamics\b2World.cpp">
      <Filter>Physics\Box2D</Filter>
    </ClCompile>
    <ClCompile Include="..\ThirdParty\Box2D\Box2D\Dynamics\b2WorldCallbacks.cpp">
      <Filter>Physics\Box2D</Filter>
    </ClCompile>
    <ClCompile Include="Player.cpp">
      <Filter>Player</Filter>
    </ClCompile>
    <ClCompile Include="IShape.cpp">
      <Filter>ShapeGenerator</Filter>
    </ClCompile>
    <ClCompile Include="Shape.cpp">
      <Filter>ShapeGenerator</Filter>
    </ClCompile>
    <ClCompile Include="ShapeGenerator.cpp">
      <Filter>ShapeGenerator</Filter>
    </ClCompile>
    <ClCompile Include="PointSpawn.cpp">
      <Filter>Spawn\Spawns</Filter>
    </ClCompile>
    <ClCompile Include="RegionSpawn.cpp">
      <Filter>Spawn\Spawns</Filter>
    </ClCompile>
    <ClCompile Include="CheatSystem.cpp">
      <Filter>Systems</Filter>
    </ClCompile>
    <ClCompile Include="ControllerSystem.cpp">
      <Filter>Systems</Filter>
    </ClCompile>
    <ClCompile Include="InputSystem.cpp">
      <Filter>Systems</Filter>
    </ClCompile>
    <ClCompile Include="LifetimeSystem.cpp">
      <Filter>Systems</Filter>
    </ClCompile>
    <ClCompile Include="MenuSystem.cpp">
      <Filter>Systems</Filter>
    </ClCompile>
    <ClCompile Include="PhysicsSystem.cpp">
      <Filter>Systems</Filter>
    </ClCompile>
    <ClCompile Include="PlayerSystem.cpp">
      <Filter>Systems</Filter>
    </ClCompile>
    <ClCompile Include="RenderSystem.cpp">
      <Filter>Systems</Filter>
    </ClCompile>
    <ClCompile Include="RespawnSystem.cpp">
      <Filter>Systems</Filter>
    </ClCompile>
    <ClCompile Include="WorldSystem.cpp">
      <Filter>Systems</Filter>
    </ClCompile>
    <ClCompile Include="FPS.cpp">
      <Filter>util</Filter>
    </ClCompile>
    <ClCompile Include="BountyHunterDemo.cpp" />
    <ClCompile Include="..\ThirdParty\ECS\include\ECS\API.cpp">
      <Filter>ECS</Filter>
    </ClCompile>
    <ClCompile Include="..\ThirdParty\ECS\include\ECS\ComponentManager.cpp">
      <Filter>ECS</Filter>
    </ClCompile>
    <ClCompile Include="..\ThirdParty\ECS\include\ECS\Engine.cpp">
      <Filter>ECS</Filter>
    </ClCompile>
    <ClCompile Include="..\ThirdParty\ECS\include\ECS\EntityManager.cpp">
      <Filter>ECS</Filter>
    </ClCompile>
    <ClCompile Include="..\ThirdParty\ECS\include\ECS\IComponent.cpp">
      <Filter>ECS</Filter>
    </ClCompile>
    <ClCompile Include="..\ThirdParty\ECS\include\ECS\IEntity.cpp">
      <Filter>ECS</Filter>
    </ClCompile>
    <ClCompile Include="..\ThirdParty\ECS\include\ECS\ISystem.cpp">
      <Filter>ECS</Filter>
    </ClCompile>
    <ClCompile Include="..\ThirdParty\ECS\include\ECS\SystemManager.cpp">
      <Filter>ECS</Filter>
    </ClCompile>
    <ClCompile Include="..\ThirdParty\ECS\include\ECS\util\FamilyTypeID.cpp">
      <Filter>ECS\util</Filter>
    </ClCompile>
    <ClCompile Include="..\ThirdParty\ECS\include\ECS\util\Timer.cpp">
      <Filter>ECS\util</Filter>
    </ClCompile>
    <ClCompile Include="..\ThirdParty\ECS\include\ECS\Memory\ECSMM.cpp">
      <Filter>ECS\Memory</Filter>
    </ClCompile>
    <ClCompile Include="..\ThirdParty\ECS\include\ECS\Memory\Allocator\IAllocator.cpp">
      <Filter>ECS\Memory\Allocator</Filter>
    </ClCompile>
    <ClCompile Include="..\ThirdParty\ECS\include\ECS\Memory\Allocator\LinearAllocator.cpp">
      <Filter>ECS\Memory\Allocator</Filter>
    </ClCompile>
    <ClCompile Include="..\ThirdParty\ECS\include\ECS\Memory\Allocator\PoolAllocator.cpp">
      <Filter>ECS\Memory\Allocator</Filter>
    </ClCompile>
    <ClCompile Include="..\ThirdParty\ECS\include\ECS\Memory\Allocator\StackAllocator.cpp">
      <Filter>ECS\Memory\Allocator</Filter>
    </ClCompile>
    <ClCompile Include="..\ThirdParty\ECS\include\ECS\Log\Logger.cpp">
      <Filter>ECS\Log</Filter>
    </ClCompile>
    <ClCompile Include="..\ThirdParty\ECS\include\ECS\Log\LoggerManager.cpp">
      <Filter>ECS\Log</Filter>
    </ClCompile>
    <ClCompile Include="..\ThirdParty\ECS\include\ECS\Event\EventHandler.cpp">
      <Filter>ECS\Event</Filter>
    </ClCompile>
    <ClCompile Include="..\ThirdParty\ECS\include\ECS\Event\IEvent.cpp">
      <Filter>ECS\Event</Filter>
    </ClCompile>
    <ClCompile Include="..\ThirdParty\ECS\include\ECS\Event\IEventListener.cpp">
      <Filter>ECS\Event</Filter>
    </ClCompile>
  </ItemGroup>
  <ItemGroup>
    <ClInclude Include="MenuSystem.h">
      <Filter>Systems</Filter>
    </ClInclude>
    <ClInclude Include="InputSystem.h">
      <Filter>Systems</Filter>
    </ClInclude>
    <ClInclude Include="RenderSystem.h">
      <Filter>Systems</Filter>
    </ClInclude>
    <ClInclude Include="IShape.h">
      <Filter>ShapeGenerator</Filter>
    </ClInclude>
    <ClInclude Include="ShapeGenerator.h">
      <Filter>ShapeGenerator</Filter>
    </ClInclude>
    <ClInclude Include="Shape.h">
      <Filter>ShapeGenerator</Filter>
    </ClInclude>
    <ClInclude Include="TriangleShape.h">
      <Filter>ShapeGenerator\Shapes</Filter>
    </ClInclude>
    <ClInclude Include="QuadShape.h">
      <Filter>ShapeGenerator\Shapes</Filter>
    </ClInclude>
    <ClInclude Include="ShapeComponent.h">
      <Filter>Components</Filter>
    </ClInclude>
    <ClInclude Include="OpenGL.h">
      <Filter>OpenGL</Filter>
    </ClInclude>
    <ClInclude Include="GLBuffer.h">
      <Filter>OpenGL</Filter>
    </ClInclude>
    <ClInclude Include="GLShader.h">
      <Filter>OpenGL</Filter>
    </ClInclude>
    <ClInclude Include="ShapeBufferIndex.h">
      <Filter>ShapeGenerator</Filter>
    </ClInclude>
    <ClInclude Include="MaterialComponent.h">
      <Filter>Components</Filter>
    </ClInclude>
    <ClInclude Include="IMaterial.h">
      <Filter>MaterialGenerator</Filter>
    </ClInclude>
    <ClInclude Include="Material.h">
      <Filter>MaterialGenerator</Filter>
    </ClInclude>
    <ClInclude Include="RenderableGroup.h">
      <Filter>OpenGL</Filter>
    </ClInclude>
    <ClInclude Include="MaterialGenerator.h">
      <Filter>MaterialGenerator</Filter>
    </ClInclude>
    <ClInclude Include="DefaultMaterial.h">
      <Filter>MaterialGenerator\Materials</Filter>
    </ClInclude>
    <ClInclude Include="math.h">
      <Filter>Math</Filter>
    </ClInclude>
    <ClInclude Include="TransformComponent.h">
      <Filter>Components</Filter>
    </ClInclude>
    <ClInclude Include="Transform.h">
      <Filter>Math</Filter>
    </ClInclude>
    <ClInclude Include="Collector.h">
      <Filter>Entities</Filter>
    </ClInclude>
    <ClInclude Include="Bounty.h">
      <Filter>Entities</Filter>
    </ClInclude>
    <ClInclude Include="Camera.h">
      <Filter>Camera</Filter>
    </ClInclude>
    <ClInclude Include="OrthoCamera.h">
      <Filter>Camera</Filter>
    </ClInclude>
    <ClInclude Include="TabletopCamera.h">
      <Filter>Entities\Camera</Filter>
    </ClInclude>
    <ClInclude Include="GameCamera.h">
      <Filter>Entities\Camera</Filter>
    </ClInclude>
    <ClInclude Include="GameObject.h">
      <Filter>Entities</Filter>
    </ClInclude>
    <ClInclude Include="SimpleFSM.h">
      <Filter>FSM</Filter>
    </ClInclude>
    <ClInclude Include="WorldSystem.h">
      <Filter>Systems</Filter>
    </ClInclude>
    <ClInclude Include="RespawnComponent.h">
      <Filter>Components</Filter>
    </ClInclude>
    <ClInclude Include="RespawnSystem.h">
      <Filter>Systems</Filter>
    </ClInclude>
    <ClInclude Include="ISpawn.h">
      <Filter>Spawn</Filter>
    </ClInclude>
    <ClInclude Include="Bounds.h">
      <Filter>Math</Filter>
    </ClInclude>
    <ClInclude Include="Spawn.h">
      <Filter>Spawn</Filter>
    </ClInclude>
    <ClInclude Include="PointSpawn.h">
      <Filter>Spawn\Spawns</Filter>
    </ClInclude>
    <ClInclude Include="RegionSpawn.h">
      <Filter>Spawn\Spawns</Filter>
    </ClInclude>
    <ClInclude Include="PlayerSpawn.h">
      <Filter>Entities\Spawn</Filter>
    </ClInclude>
    <ClInclude Include="SpawnComponent.h">
      <Filter>Components</Filter>
    </ClInclude>
    <ClInclude Include="BountySpawn.h">
      <Filter>Entities\Spawn</Filter>
    </ClInclude>
    <ClInclude Include="GameObjectSpawn.h">
      <Filter>Entities\Spawn</Filter>
    </ClInclude>
    <ClInclude Include="IController.h">
      <Filter>Controller</Filter>
    </ClInclude>
    <ClInclude Include="PlayerController.h">
      <Filter>Controller</Filter>
    </ClInclude>
    <ClInclude Include="Controller.h">
      <Filter>Controller</Filter>
    </ClInclude>
    <ClInclude Include="ControllerSystem.h">
      <Filter>Systems</Filter>
    </ClInclude>
    <ClInclude Include="CheatSystem.h">
      <Filter>Systems</Filter>
    </ClInclude>
    <ClInclude Include="Player.h">
      <Filter>Player</Filter>
    </ClInclude>
    <ClInclude Include="Game.h">
      <Filter>Game</Filter>
    </ClInclude>
    <ClInclude Include="GameEvents.h">
      <Filter>Game</Filter>
    </ClInclude>
    <ClInclude Include="GameConfiguration.h">
      <Filter>Game</Filter>
    </ClInclude>
    <ClInclude Include="FPS.h">
      <Filter>util</Filter>
    </ClInclude>
    <ClInclude Include="GameTypes.h">
      <Filter>Game</Filter>
    </ClInclude>
    <ClInclude Include="PlayerSystem.h">
      <Filter>Systems</Filter>
    </ClInclude>
    <ClInclude Include="AIController.h">
      <Filter>Controller</Filter>
    </ClInclude>
    <ClInclude Include="PlayerCollectorController.h">
      <Filter>Controller\Controllers</Filter>
    </ClInclude>
    <ClInclude Include="AICollectorController.h">
      <Filter>Controller\Controllers</Filter>
    </ClInclude>
    <ClInclude Include="..\ThirdParty\Box2D\Box2D\Common\b2BlockAllocator.h">
      <Filter>Physics\Box2D</Filter>
    </ClInclude>
    <ClInclude Include="..\ThirdParty\Box2D\Box2D\Dynamics\b2Body.h">
      <Filter>Physics\Box2D</Filter>
    </ClInclude>
    <ClInclude Include="..\ThirdParty\Box2D\Box2D\Collision\b2BroadPhase.h">
      <Filter>Physics\Box2D</Filter>
    </ClInclude>
    <ClInclude Include="..\ThirdParty\Box2D\Box2D\Dynamics\Contacts\b2ChainAndCircleContact.h">
      <Filter>Physics\Box2D</Filter>
    </ClInclude>
    <ClInclude Include="..\ThirdParty\Box2D\Box2D\Dynamics\Contacts\b2ChainAndPolygonContact.h">
      <Filter>Physics\Box2D</Filter>
    </ClInclude>
    <ClInclude Include="..\ThirdParty\Box2D\Box2D\Collision\Shapes\b2ChainShape.h">
      <Filter>Physics\Box2D</Filter>
    </ClInclude>
    <ClInclude Include="..\ThirdParty\Box2D\Box2D\Dynamics\Contacts\b2CircleContact.h">
      <Filter>Physics\Box2D</Filter>
    </ClInclude>
    <ClInclude Include="..\ThirdParty\Box2D\Box2D\Collision\Shapes\b2CircleShape.h">
      <Filter>Physics\Box2D</Filter>
    </ClInclude>
    <ClInclude Include="..\ThirdParty\Box2D\Box2D\Collision\b2Collision.h">
      <Filter>Physics\Box2D</Filter>
    </ClInclude>
    <ClInclude Include="..\ThirdParty\Box2D\Box2D\Dynamics\Contacts\b2Contact.h">
      <Filter>Physics\Box2D</Filter>
    </ClInclude>
    <ClInclude Include="..\ThirdParty\Box2D\Box2D\Dynamics\b2ContactManager.h">
      <Filter>Physics\Box2D</Filter>
    </ClInclude>
    <ClInclude Include="..\ThirdParty\Box2D\Box2D\Dynamics\Contacts\b2ContactSolver.h">
      <Filter>Physics\Box2D</Filter>
    </ClInclude>
    <ClInclude Include="..\ThirdParty\Box2D\Box2D\Collision\b2Distance.h">
      <Filter>Physics\Box2D</Filter>
    </ClInclude>
    <ClInclude Include="..\ThirdParty\Box2D\Box2D\Dynamics\Joints\b2DistanceJoint.h">
      <Filter>Physics\Box2D</Filter>
    </ClInclude>
    <ClInclude Include="..\ThirdParty\Box2D\Box2D\Common\b2Draw.h">
      <Filter>Physics\Box2D</Filter>
    </ClInclude>
    <ClInclude Include="..\ThirdParty\Box2D\Box2D\Collision\b2DynamicTree.h">
      <Filter>Physics\Box2D</Filter>
    </ClInclude>
    <ClInclude Include="..\ThirdParty\Box2D\Box2D\Dynamics\Contacts\b2EdgeAndCircleContact.h">
      <Filter>Physics\Box2D</Filter>
    </ClInclude>
    <ClInclude Include="..\ThirdParty\Box2D\Box2D\Dynamics\Contacts\b2EdgeAndPolygonContact.h">
      <Filter>Physics\Box2D</Filter>
    </ClInclude>
    <ClInclude Include="..\ThirdParty\Box2D\Box2D\Collision\Shapes\b2EdgeShape.h">
      <Filter>Physics\Box2D</Filter>
    </ClInclude>
    <ClInclude Include="..\ThirdParty\Box2D\Box2D\Dynamics\b2Fixture.h">
      <Filter>Physics\Box2D</Filter>
    </ClInclude>
    <ClInclude Include="..\ThirdParty\Box2D\Box2D\Dynamics\Joints\b2FrictionJoint.h">
      <Filter>Physics\Box2D</Filter>
    </ClInclude>
    <ClInclude Include="..\ThirdParty\Box2D\Box2D\Dynamics\Joints\b2GearJoint.h">
      <Filter>Physics\Box2D</Filter>
    </ClInclude>
    <ClInclude Include="..\ThirdParty\Box2D\Box2D\Common\b2GrowableStack.h">
      <Filter>Physics\Box2D</Filter>
    </ClInclude>
    <ClInclude Include="..\ThirdParty\Box2D\Box2D\Dynamics\b2Island.h">
      <Filter>Physics\Box2D</Filter>
    </ClInclude>
    <ClInclude Include="..\ThirdParty\Box2D\Box2D\Dynamics\Joints\b2Joint.h">
      <Filter>Physics\Box2D</Filter>
    </ClInclude>
    <ClInclude Include="..\ThirdParty\Box2D\Box2D\Common\b2Math.h">
      <Filter>Physics\Box2D</Filter>
    </ClInclude>
    <ClInclude Include="..\ThirdParty\Box2D\Box2D\Dynamics\Joints\b2MotorJoint.h">
      <Filter>Physics\Box2D</Filter>
    </ClInclude>
    <ClInclude Include="..\ThirdParty\Box2D\Box2D\Dynamics\Joints\b2MouseJoint.h">
      <Filter>Physics\Box2D</Filter>
    </ClInclude>
    <ClInclude Include="..\ThirdParty\Box2D\Box2D\Dynamics\Contacts\b2PolygonAndCircleContact.h">
      <Filter>Physics\Box2D</Filter>
    </ClInclude>
    <ClInclude Include="..\ThirdParty\Box2D\Box2D\Dynamics\Contacts\b2PolygonContact.h">
      <Filter>Physics\Box2D</Filter>
    </ClInclude>
    <ClInclude Include="..\ThirdParty\Box2D\Box2D\Collision\Shapes\b2PolygonShape.h">
      <Filter>Physics\Box2D</Filter>
    </ClInclude>
    <ClInclude Include="..\ThirdParty\Box2D\Box2D\Dynamics\Joints\b2PrismaticJoint.h">
      <Filter>Physics\Box2D</Filter>
    </ClInclude>
    <ClInclude Include="..\ThirdParty\Box2D\Box2D\Dynamics\Joints\b2PulleyJoint.h">
      <Filter>Physics\Box2D</Filter>
    </ClInclude>
    <ClInclude Include="..\ThirdParty\Box2D\Box2D\Dynamics\Joints\b2RevoluteJoint.h">
      <Filter>Physics\Box2D</Filter>
    </ClInclude>
    <ClInclude Include="..\ThirdParty\Box2D\Box2D\Rope\b2Rope.h">
      <Filter>Physics\Box2D</Filter>
    </ClInclude>
    <ClInclude Include="..\ThirdParty\Box2D\Box2D\Dynamics\Joints\b2RopeJoint.h">
      <Filter>Physics\Box2D</Filter>
    </ClInclude>
    <ClInclude Include="..\ThirdParty\Box2D\Box2D\Common\b2Settings.h">
      <Filter>Physics\Box2D</Filter>
    </ClInclude>
    <ClInclude Include="..\ThirdParty\Box2D\Box2D\Collision\Shapes\b2Shape.h">
      <Filter>Physics\Box2D</Filter>
    </ClInclude>
    <ClInclude Include="..\ThirdParty\Box2D\Box2D\Common\b2StackAllocator.h">
      <Filter>Physics\Box2D</Filter>
    </ClInclude>
    <ClInclude Include="..\ThirdParty\Box2D\Box2D\Collision\b2TimeOfImpact.h">
      <Filter>Physics\Box2D</Filter>
    </ClInclude>
    <ClInclude Include="..\ThirdParty\Box2D\Box2D\Common\b2Timer.h">
      <Filter>Physics\Box2D</Filter>
    </ClInclude>
    <ClInclude Include="..\ThirdParty\Box2D\Box2D\Dynamics\b2TimeStep.h">
      <Filter>Physics\Box2D</Filter>
    </ClInclude>
    <ClInclude Include="..\ThirdParty\Box2D\Box2D\Dynamics\Joints\b2WeldJoint.h">
      <Filter>Physics\Box2D</Filter>
    </ClInclude>
    <ClInclude Include="..\ThirdParty\Box2D\Box2D\Dynamics\Joints\b2WheelJoint.h">
      <Filter>Physics\Box2D</Filter>
    </ClInclude>
    <ClInclude Include="..\ThirdParty\Box2D\Box2D\Dynamics\b2World.h">
      <Filter>Physics\Box2D</Filter>
    </ClInclude>
    <ClInclude Include="..\ThirdParty\Box2D\Box2D\Dynamics\b2WorldCallbacks.h">
      <Filter>Physics\Box2D</Filter>
    </ClInclude>
    <ClInclude Include="..\ThirdParty\Box2D\Box2D\Box2D.h">
      <Filter>Physics\Box2D</Filter>
    </ClInclude>
    <ClInclude Include="RigidbodyComponent.h">
      <Filter>Components</Filter>
    </ClInclude>
    <ClInclude Include="PhysicsSystem.h">
      <Filter>Systems</Filter>
    </ClInclude>
    <ClInclude Include="CollisionComponent2D.h">
      <Filter>Components</Filter>
    </ClInclude>
    <ClInclude Include="LifetimeSystem.h">
      <Filter>Systems</Filter>
    </ClInclude>
    <ClInclude Include="LifetimeComponent.h">
      <Filter>Components</Filter>
    </ClInclude>
    <ClInclude Include="LineMaterial.h">
      <Filter>MaterialGenerator\Materials</Filter>
    </ClInclude>
    <ClInclude Include="GLLineRenderer.h">
      <Filter>OpenGL</Filter>
    </ClInclude>
    <ClInclude Include="Wall.h">
      <Filter>Entities</Filter>
    </ClInclude>
    <ClInclude Include="BountyRadar.h">
      <Filter>Components</Filter>
    </ClInclude>
    <ClInclude Include="CollectorAvoider.h">
      <Filter>Components</Filter>
    </ClInclude>
    <ClInclude Include="AICollectorControllerDesc.h">
      <Filter>AI</Filter>
    </ClInclude>
    <ClInclude Include="BountyCollectStrategy.h">
      <Filter>AI</Filter>
    </ClInclude>
    <ClInclude Include="..\ThirdParty\ECS\include\ECS\EntityManager.h">
      <Filter>ECS</Filter>
    </ClInclude>
    <ClInclude Include="..\ThirdParty\ECS\include\ECS\IComponent.h">
      <Filter>ECS</Filter>
    </ClInclude>
    <ClInclude Include="..\ThirdParty\ECS\include\ECS\IEntity.h">
      <Filter>ECS</Filter>
    </ClInclude>
    <ClInclude Include="..\ThirdParty\ECS\include\ECS\ISystem.h">
      <Filter>ECS</Filter>
    </ClInclude>
    <ClInclude Include="..\ThirdParty\ECS\include\ECS\Platform.h">
      <Filter>ECS</Filter>
    </ClInclude>
    <ClInclude Include="..\ThirdParty\ECS\include\ECS\System.h">
      <Filter>ECS</Filter>
    </ClInclude>
    <ClInclude Include="..\ThirdParty\ECS\include\ECS\SystemManager.h">
      <Filter>ECS</Filter>
    </ClInclude>
    <ClInclude Include="..\ThirdParty\ECS\include\ECS\API.h">
      <Filter>ECS</Filter>
    </ClInclude>
    <ClInclude Include="..\ThirdParty\ECS\include\ECS\Component.h">
      <Filter>ECS</Filter>
    </ClInclude>
    <ClInclude Include="..\ThirdParty\ECS\include\ECS\ComponentManager.h">
      <Filter>ECS</Filter>
    </ClInclude>
    <ClInclude Include="..\ThirdParty\ECS\include\ECS\ECS.h">
      <Filter>ECS</Filter>
    </ClInclude>
    <ClInclude Include="..\ThirdParty\ECS\include\ECS\Engine.h">
      <Filter>ECS</Filter>
    </ClInclude>
    <ClInclude Include="..\ThirdParty\ECS\include\ECS\Entity.h">
      <Filter>ECS</Filter>
    </ClInclude>
    <ClInclude Include="..\ThirdParty\ECS\include\ECS\util\Timer.h">
      <Filter>ECS\util</Filter>
    </ClInclude>
    <ClInclude Include="..\ThirdParty\ECS\include\ECS\util\FamilyTypeID.h">
      <Filter>ECS\util</Filter>
    </ClInclude>
    <ClInclude Include="..\ThirdParty\ECS\include\ECS\util\Handle.h">
      <Filter>ECS\util</Filter>
    </ClInclude>
    <ClInclude Include="..\ThirdParty\ECS\include\ECS\Memory\ECSMM.h">
      <Filter>ECS\Memory</Filter>
    </ClInclude>
    <ClInclude Include="..\ThirdParty\ECS\include\ECS\Memory\MemoryChunkAllocator.h">
      <Filter>ECS\Memory</Filter>
    </ClInclude>
    <ClInclude Include="..\ThirdParty\ECS\include\ECS\Memory\Allocator\LinearAllocator.h">
      <Filter>ECS\Memory\Allocator</Filter>
    </ClInclude>
    <ClInclude Include="..\ThirdParty\ECS\include\ECS\Memory\Allocator\PoolAllocator.h">
      <Filter>ECS\Memory\Allocator</Filter>
    </ClInclude>
    <ClInclude Include="..\ThirdParty\ECS\include\ECS\Memory\Allocator\StackAllocator.h">
      <Filter>ECS\Memory\Allocator</Filter>
    </ClInclude>
    <ClInclude Include="..\ThirdParty\ECS\include\ECS\Memory\Allocator\IAllocator.h">
      <Filter>ECS\Memory\Allocator</Filter>
    </ClInclude>
    <ClInclude Include="..\ThirdParty\ECS\include\ECS\Log\LoggerMacro.h">
      <Filter>ECS\Log</Filter>
    </ClInclude>
    <ClInclude Include="..\ThirdParty\ECS\include\ECS\Log\LoggerManager.h">
      <Filter>ECS\Log</Filter>
    </ClInclude>
    <ClInclude Include="..\ThirdParty\ECS\include\ECS\Log\Logger.h">
      <Filter>ECS\Log</Filter>
    </ClInclude>
    <ClInclude Include="..\ThirdParty\ECS\include\ECS\Event\EventHandler.h">
      <Filter>ECS\Event</Filter>
    </ClInclude>
    <ClInclude Include="..\ThirdParty\ECS\include\ECS\Event\IEvent.h">
      <Filter>ECS\Event</Filter>
    </ClInclude>
    <ClInclude Include="..\ThirdParty\ECS\include\ECS\Event\IEventDispatcher.h">
      <Filter>ECS\Event</Filter>
    </ClInclude>
    <ClInclude Include="..\ThirdParty\ECS\include\ECS\Event\IEventListener.h">
      <Filter>ECS\Event</Filter>
    </ClInclude>
    <ClInclude Include="..\ThirdParty\ECS\include\ECS\Event\Event.h">
      <Filter>ECS\Event</Filter>
    </ClInclude>
    <ClInclude Include="..\ThirdParty\ECS\include\ECS\Event\EventDelegate.h">
      <Filter>ECS\Event</Filter>
    </ClInclude>
    <ClInclude Include="..\ThirdParty\ECS\include\ECS\Event\EventDispatcher.h">
      <Filter>ECS\Event</Filter>
    </ClInclude>
  </ItemGroup>
</Project>